
Microsoft Visual Studio Solution File, Format Version 12.00
# Visual Studio 2012
Project("{FAE04EC0-301F-11D3-BF4B-00C04F79EFBC}") = "LD29", "LD29\LD29\LD29.csproj", "{59A9438E-2ED2-4E76-AD1F-4882882395B6}"
EndProject
Project("{96E2B04D-8817-42C6-938A-82C39BA4D311}") = "LD29Content", "LD29\LD29Content\LD29Content.contentproj", "{A7BE9C6D-86B3-40E9-A441-0B7946BCC394}"
EndProject
Global
	GlobalSection(SolutionConfigurationPlatforms) = preSolution
		Debug|x86 = Debug|x86
		Release|x86 = Release|x86
	EndGlobalSection
	GlobalSection(ProjectConfigurationPlatforms) = postSolution
		{59A9438E-2ED2-4E76-AD1F-4882882395B6}.Debug|x86.ActiveCfg = Debug|x86
		{59A9438E-2ED2-4E76-AD1F-4882882395B6}.Debug|x86.Build.0 = Debug|x86
		{59A9438E-2ED2-4E76-AD1F-4882882395B6}.Release|x86.ActiveCfg = Release|x86
		{59A9438E-2ED2-4E76-AD1F-4882882395B6}.Release|x86.Build.0 = Release|x86
		{A7BE9C6D-86B3-40E9-A441-0B7946BCC394}.Debug|x86.ActiveCfg = Debug|x86
		{A7BE9C6D-86B3-40E9-A441-0B7946BCC394}.Release|x86.ActiveCfg = Release|x86
	EndGlobalSection
	GlobalSection(SolutionProperties) = preSolution
		HideSolutionNode = FALSE
	EndGlobalSection
EndGlobal
